
Microsoft Visual Studio Solution File, Format Version 12.00
# Visual Studio Version 17
VisualStudioVersion = 17.4.33213.308
MinimumVisualStudioVersion = 10.0.40219.1
Project("{2150E333-8FDC-42A3-9474-1A3956D46DE8}") = "src", "src", "{1C91AE2F-8832-4D57-86CE-03BB00B6D46B}"
EndProject
Project("{2150E333-8FDC-42A3-9474-1A3956D46DE8}") = "test", "test", "{6C7C9E48-F5D9-46B4-8F56-892E3AE55A97}"
EndProject
Project("{2150E333-8FDC-42A3-9474-1A3956D46DE8}") = "Core", "Core", "{C7664201-7B43-448E-908C-14CDA8AD7C08}"
EndProject
Project("{2150E333-8FDC-42A3-9474-1A3956D46DE8}") = "Infrastructure", "Infrastructure", "{B7D638FF-C7D9-4520-BE14-BF69B8B0AD68}"
EndProject
Project("{2150E333-8FDC-42A3-9474-1A3956D46DE8}") = "UI", "UI", "{2656A28D-51B4-4B3F-A7B7-3EE5285409EF}"
EndProject
Project("{9A19103F-16F7-4668-BE54-9A1E7A4F7556}") = "AUF.EMR.Application", "AUF.EMR.Application\AUF.EMR.Application.csproj", "{5F7B94B0-5955-44AB-B070-5A3995AF678E}"
EndProject
Project("{9A19103F-16F7-4668-BE54-9A1E7A4F7556}") = "AUF.EMR.Domain", "AUF.EMR.Domain\AUF.EMR.Domain.csproj", "{246CB82D-1944-4012-A047-A3B171C82F0B}"
EndProject
Project("{9A19103F-16F7-4668-BE54-9A1E7A4F7556}") = "AUF.EMR.Persistence", "AUF.EMR.Persistence\AUF.EMR.Persistence.csproj", "{8A7E5AC3-0367-4527-9F17-9D7C097BC647}"
EndProject
Project("{9A19103F-16F7-4668-BE54-9A1E7A4F7556}") = "AUF.EMR.MVC", "AUF.EMR.MVC\AUF.EMR.MVC.csproj", "{4F134E2F-1467-4C8E-821B-C8F068AFAE7F}"
EndProject
Global
	GlobalSection(SolutionConfigurationPlatforms) = preSolution
		Debug|Any CPU = Debug|Any CPU
		Release|Any CPU = Release|Any CPU
	EndGlobalSection
	GlobalSection(ProjectConfigurationPlatforms) = postSolution
		{5F7B94B0-5955-44AB-B070-5A3995AF678E}.Debug|Any CPU.ActiveCfg = Debug|Any CPU
		{5F7B94B0-5955-44AB-B070-5A3995AF678E}.Debug|Any CPU.Build.0 = Debug|Any CPU
		{5F7B94B0-5955-44AB-B070-5A3995AF678E}.Release|Any CPU.ActiveCfg = Release|Any CPU
		{5F7B94B0-5955-44AB-B070-5A3995AF678E}.Release|Any CPU.Build.0 = Release|Any CPU
		{246CB82D-1944-4012-A047-A3B171C82F0B}.Debug|Any CPU.ActiveCfg = Debug|Any CPU
		{246CB82D-1944-4012-A047-A3B171C82F0B}.Debug|Any CPU.Build.0 = Debug|Any CPU
		{246CB82D-1944-4012-A047-A3B171C82F0B}.Release|Any CPU.ActiveCfg = Release|Any CPU
		{246CB82D-1944-4012-A047-A3B171C82F0B}.Release|Any CPU.Build.0 = Release|Any CPU
		{8A7E5AC3-0367-4527-9F17-9D7C097BC647}.Debug|Any CPU.ActiveCfg = Debug|Any CPU
		{8A7E5AC3-0367-4527-9F17-9D7C097BC647}.Debug|Any CPU.Build.0 = Debug|Any CPU
		{8A7E5AC3-0367-4527-9F17-9D7C097BC647}.Release|Any CPU.ActiveCfg = Release|Any CPU
		{8A7E5AC3-0367-4527-9F17-9D7C097BC647}.Release|Any CPU.Build.0 = Release|Any CPU
		{4F134E2F-1467-4C8E-821B-C8F068AFAE7F}.Debug|Any CPU.ActiveCfg = Debug|Any CPU
		{4F134E2F-1467-4C8E-821B-C8F068AFAE7F}.Debug|Any CPU.Build.0 = Debug|Any CPU
		{4F134E2F-1467-4C8E-821B-C8F068AFAE7F}.Release|Any CPU.ActiveCfg = Release|Any CPU
		{4F134E2F-1467-4C8E-821B-C8F068AFAE7F}.Release|Any CPU.Build.0 = Release|Any CPU
	EndGlobalSection
	GlobalSection(SolutionProperties) = preSolution
		HideSolutionNode = FALSE
	EndGlobalSection
	GlobalSection(NestedProjects) = preSolution
		{C7664201-7B43-448E-908C-14CDA8AD7C08} = {1C91AE2F-8832-4D57-86CE-03BB00B6D46B}
		{B7D638FF-C7D9-4520-BE14-BF69B8B0AD68} = {1C91AE2F-8832-4D57-86CE-03BB00B6D46B}
		{2656A28D-51B4-4B3F-A7B7-3EE5285409EF} = {1C91AE2F-8832-4D57-86CE-03BB00B6D46B}
		{5F7B94B0-5955-44AB-B070-5A3995AF678E} = {C7664201-7B43-448E-908C-14CDA8AD7C08}
		{246CB82D-1944-4012-A047-A3B171C82F0B} = {C7664201-7B43-448E-908C-14CDA8AD7C08}
		{8A7E5AC3-0367-4527-9F17-9D7C097BC647} = {B7D638FF-C7D9-4520-BE14-BF69B8B0AD68}
		{4F134E2F-1467-4C8E-821B-C8F068AFAE7F} = {2656A28D-51B4-4B3F-A7B7-3EE5285409EF}
	EndGlobalSection
	GlobalSection(ExtensibilityGlobals) = postSolution
		SolutionGuid = {D5A124F9-B457-4BF2-97DE-D077CBB9569D}
	EndGlobalSection
EndGlobal
